
Microsoft Visual Studio Solution File, Format Version 12.00
# Visual Studio Version 16
VisualStudioVersion = 16.0.31205.134
MinimumVisualStudioVersion = 10.0.40219.1
Project("{9A19103F-16F7-4668-BE54-9A1E7A4F7556}") = "SimpleTrader.Domain", "SimpleTrader.Domain\SimpleTrader.Domain.csproj", "{738B353E-B611-4DBC-BA90-C416BAAAF760}"
EndProject
Project("{9A19103F-16F7-4668-BE54-9A1E7A4F7556}") = "SimpleTrader.EntityFramework", "SimpleTrader.EntityFramework\SimpleTrader.EntityFramework.csproj", "{B0148ECC-F975-44F9-BA3E-1C9C49991998}"
EndProject
Project("{FAE04EC0-301F-11D3-BF4B-00C04F79EFBC}") = "SimpleTrader.ConsoleApp", "SimpleTrader.ConsoleApp\SimpleTrader.ConsoleApp.csproj", "{1EA9CE98-2175-4DEE-A7B2-5EC154F9BCC6}"
EndProject
Global
	GlobalSection(SolutionConfigurationPlatforms) = preSolution
		Debug|Any CPU = Debug|Any CPU
		Release|Any CPU = Release|Any CPU
	EndGlobalSection
	GlobalSection(ProjectConfigurationPlatforms) = postSolution
		{738B353E-B611-4DBC-BA90-C416BAAAF760}.Debug|Any CPU.ActiveCfg = Debug|Any CPU
		{738B353E-B611-4DBC-BA90-C416BAAAF760}.Debug|Any CPU.Build.0 = Debug|Any CPU
		{738B353E-B611-4DBC-BA90-C416BAAAF760}.Release|Any CPU.ActiveCfg = Release|Any CPU
		{738B353E-B611-4DBC-BA90-C416BAAAF760}.Release|Any CPU.Build.0 = Release|Any CPU
		{B0148ECC-F975-44F9-BA3E-1C9C49991998}.Debug|Any CPU.ActiveCfg = Debug|Any CPU
		{B0148ECC-F975-44F9-BA3E-1C9C49991998}.Debug|Any CPU.Build.0 = Debug|Any CPU
		{B0148ECC-F975-44F9-BA3E-1C9C49991998}.Release|Any CPU.ActiveCfg = Release|Any CPU
		{B0148ECC-F975-44F9-BA3E-1C9C49991998}.Release|Any CPU.Build.0 = Release|Any CPU
		{1EA9CE98-2175-4DEE-A7B2-5EC154F9BCC6}.Debug|Any CPU.ActiveCfg = Debug|Any CPU
		{1EA9CE98-2175-4DEE-A7B2-5EC154F9BCC6}.Debug|Any CPU.Build.0 = Debug|Any CPU
		{1EA9CE98-2175-4DEE-A7B2-5EC154F9BCC6}.Release|Any CPU.ActiveCfg = Release|Any CPU
		{1EA9CE98-2175-4DEE-A7B2-5EC154F9BCC6}.Release|Any CPU.Build.0 = Release|Any CPU
	EndGlobalSection
	GlobalSection(SolutionProperties) = preSolution
		HideSolutionNode = FALSE
	EndGlobalSection
	GlobalSection(ExtensibilityGlobals) = postSolution
		SolutionGuid = {9771EE67-E9F3-4247-909F-ED7567B0F812}
	EndGlobalSection
EndGlobal
