
Microsoft Visual Studio Solution File, Format Version 12.00
# Visual Studio Version 16
VisualStudioVersion = 16.0.31205.134
MinimumVisualStudioVersion = 10.0.40219.1
Project("{FAE04EC0-301F-11D3-BF4B-00C04F79EFBC}") = "SimpleTrader.Domain", "SimpleTrader.Domain\SimpleTrader.Domain.csproj", "{738B353E-B611-4DBC-BA90-C416BAAAF760}"
EndProject
Global
	GlobalSection(SolutionConfigurationPlatforms) = preSolution
		Debug|Any CPU = Debug|Any CPU
		Release|Any CPU = Release|Any CPU
	EndGlobalSection
	GlobalSection(ProjectConfigurationPlatforms) = postSolution
		{738B353E-B611-4DBC-BA90-C416BAAAF760}.Debug|Any CPU.ActiveCfg = Debug|Any CPU
		{738B353E-B611-4DBC-BA90-C416BAAAF760}.Debug|Any CPU.Build.0 = Debug|Any CPU
		{738B353E-B611-4DBC-BA90-C416BAAAF760}.Release|Any CPU.ActiveCfg = Release|Any CPU
		{738B353E-B611-4DBC-BA90-C416BAAAF760}.Release|Any CPU.Build.0 = Release|Any CPU
	EndGlobalSection
	GlobalSection(SolutionProperties) = preSolution
		HideSolutionNode = FALSE
	EndGlobalSection
	GlobalSection(ExtensibilityGlobals) = postSolution
		SolutionGuid = {9771EE67-E9F3-4247-909F-ED7567B0F812}
	EndGlobalSection
EndGlobal
